// !$*UTF8*$!
{
	archiveVersion = 1;
	classes = {
	};
	objectVersion = 46;
	objects = {

/* Begin PBXBuildFile section */
		E90770D81775A4D200139FFC /* UIKit.framework in Frameworks */ = {isa = PBXBuildFile; fileRef = E90770D71775A4D200139FFC /* UIKit.framework */; };
		E90770DA1775A4D200139FFC /* Foundation.framework in Frameworks */ = {isa = PBXBuildFile; fileRef = E90770D91775A4D200139FFC /* Foundation.framework */; };
		E90770DC1775A4D200139FFC /* CoreGraphics.framework in Frameworks */ = {isa = PBXBuildFile; fileRef = E90770DB1775A4D200139FFC /* CoreGraphics.framework */; };
		E90770E21775A4D200139FFC /* InfoPlist.strings in Resources */ = {isa = PBXBuildFile; fileRef = E90770E01775A4D200139FFC /* InfoPlist.strings */; };
		E90770E41775A4D200139FFC /* main.m in Sources */ = {isa = PBXBuildFile; fileRef = E90770E31775A4D200139FFC /* main.m */; };
		E90770E81775A4D200139FFC /* AppDelegate.m in Sources */ = {isa = PBXBuildFile; fileRef = E90770E71775A4D200139FFC /* AppDelegate.m */; };
		E90770EA1775A4D200139FFC /* Default.png in Resources */ = {isa = PBXBuildFile; fileRef = E90770E91775A4D200139FFC /* Default.png */; };
		E90770EC1775A4D200139FFC /* Default@2x.png in Resources */ = {isa = PBXBuildFile; fileRef = E90770EB1775A4D200139FFC /* Default@2x.png */; };
		E90770EE1775A4D200139FFC /* Default-568h@2x.png in Resources */ = {isa = PBXBuildFile; fileRef = E90770ED1775A4D200139FFC /* Default-568h@2x.png */; };
		E90770F11775A4D200139FFC /* ViewController.m in Sources */ = {isa = PBXBuildFile; fileRef = E90770F01775A4D200139FFC /* ViewController.m */; };
		E90770F41775A4D200139FFC /* ViewController_iPhone.xib in Resources */ = {isa = PBXBuildFile; fileRef = E90770F21775A4D200139FFC /* ViewController_iPhone.xib */; };
		E90770F71775A4D200139FFC /* ViewController_iPad.xib in Resources */ = {isa = PBXBuildFile; fileRef = E90770F51775A4D200139FFC /* ViewController_iPad.xib */; };
/* End PBXBuildFile section */

/* Begin PBXFileReference section */
		E90770D41775A4D200139FFC /* PSI.app */ = {isa = PBXFileReference; explicitFileType = wrapper.application; includeInIndex = 0; path = PSI.app; sourceTree = BUILT_PRODUCTS_DIR; };
		E90770D71775A4D200139FFC /* UIKit.framework */ = {isa = PBXFileReference; lastKnownFileType = wrapper.framework; name = UIKit.framework; path = System/Library/Frameworks/UIKit.framework; sourceTree = SDKROOT; };
		E90770D91775A4D200139FFC /* Foundation.framework */ = {isa = PBXFileReference; lastKnownFileType = wrapper.framework; name = Foundation.framework; path = System/Library/Frameworks/Foundation.framework; sourceTree = SDKROOT; };
		E90770DB1775A4D200139FFC /* CoreGraphics.framework */ = {isa = PBXFileReference; lastKnownFileType = wrapper.framework; name = CoreGraphics.framework; path = System/Library/Frameworks/CoreGraphics.framework; sourceTree = SDKROOT; };
		E90770DF1775A4D200139FFC /* PSI-Info.plist */ = {isa = PBXFileReference; lastKnownFileType = text.plist.xml; path = "PSI-Info.plist"; sourceTree = "<group>"; };
		E90770E11775A4D200139FFC /* en */ = {isa = PBXFileReference; lastKnownFileType = text.plist.strings; name = en; path = en.lproj/InfoPlist.strings; sourceTree = "<group>"; };
		E90770E31775A4D200139FFC /* main.m */ = {isa = PBXFileReference; lastKnownFileType = sourcecode.c.objc; path = main.m; sourceTree = "<group>"; };
		E90770E51775A4D200139FFC /* PSI-Prefix.pch */ = {isa = PBXFileReference; lastKnownFileType = sourcecode.c.h; path = "PSI-Prefix.pch"; sourceTree = "<group>"; };
		E90770E61775A4D200139FFC /* AppDelegate.h */ = {isa = PBXFileReference; lastKnownFileType = sourcecode.c.h; path = AppDelegate.h; sourceTree = "<group>"; };
		E90770E71775A4D200139FFC /* AppDelegate.m */ = {isa = PBXFileReference; lastKnownFileType = sourcecode.c.objc; path = AppDelegate.m; sourceTree = "<group>"; };
		E90770E91775A4D200139FFC /* Default.png */ = {isa = PBXFileReference; lastKnownFileType = image.png; path = Default.png; sourceTree = "<group>"; };
		E90770EB1775A4D200139FFC /* Default@2x.png */ = {isa = PBXFileReference; lastKnownFileType = image.png; path = "Default@2x.png"; sourceTree = "<group>"; };
		E90770ED1775A4D200139FFC /* Default-568h@2x.png */ = {isa = PBXFileReference; lastKnownFileType = image.png; path = "Default-568h@2x.png"; sourceTree = "<group>"; };
		E90770EF1775A4D200139FFC /* ViewController.h */ = {isa = PBXFileReference; lastKnownFileType = sourcecode.c.h; path = ViewController.h; sourceTree = "<group>"; };
		E90770F01775A4D200139FFC /* ViewController.m */ = {isa = PBXFileReference; lastKnownFileType = sourcecode.c.objc; path = ViewController.m; sourceTree = "<group>"; };
		E90770F31775A4D200139FFC /* en */ = {isa = PBXFileReference; lastKnownFileType = file.xib; name = en; path = en.lproj/ViewController_iPhone.xib; sourceTree = "<group>"; };
		E90770F61775A4D200139FFC /* en */ = {isa = PBXFileReference; lastKnownFileType = file.xib; name = en; path = en.lproj/ViewController_iPad.xib; sourceTree = "<group>"; };
/* End PBXFileReference section */

/* Begin PBXFrameworksBuildPhase section */
		E90770D11775A4D200139FFC /* Frameworks */ = {
			isa = PBXFrameworksBuildPhase;
			buildActionMask = 2147483647;
			files = (
				E90770D81775A4D200139FFC /* UIKit.framework in Frameworks */,
				E90770DA1775A4D200139FFC /* Foundation.framework in Frameworks */,
				E90770DC1775A4D200139FFC /* CoreGraphics.framework in Frameworks */,
			);
			runOnlyForDeploymentPostprocessing = 0;
		};
/* End PBXFrameworksBuildPhase section */

/* Begin PBXGroup section */
		E90770CB1775A4D200139FFC = {
			isa = PBXGroup;
			children = (
				E90770DD1775A4D200139FFC /* PSI */,
				E90770D61775A4D200139FFC /* Frameworks */,
				E90770D51775A4D200139FFC /* Products */,
			);
			sourceTree = "<group>";
		};
		E90770D51775A4D200139FFC /* Products */ = {
			isa = PBXGroup;
			children = (
				E90770D41775A4D200139FFC /* PSI.app */,
			);
			name = Products;
			sourceTree = "<group>";
		};
		E90770D61775A4D200139FFC /* Frameworks */ = {
			isa = PBXGroup;
			children = (
				E90770D71775A4D200139FFC /* UIKit.framework */,
				E90770D91775A4D200139FFC /* Foundation.framework */,
				E90770DB1775A4D200139FFC /* CoreGraphics.framework */,
			);
			name = Frameworks;
			sourceTree = "<group>";
		};
		E90770DD1775A4D200139FFC /* PSI */ = {
			isa = PBXGroup;
			children = (
				E90770E61775A4D200139FFC /* AppDelegate.h */,
				E90770E71775A4D200139FFC /* AppDelegate.m */,
				E90770EF1775A4D200139FFC /* ViewController.h */,
				E90770F01775A4D200139FFC /* ViewController.m */,
				E90770F21775A4D200139FFC /* ViewController_iPhone.xib */,
				E90770F51775A4D200139FFC /* ViewController_iPad.xib */,
				E90770DE1775A4D200139FFC /* Supporting Files */,
			);
			path = PSI;
			sourceTree = "<group>";
		};
		E90770DE1775A4D200139FFC /* Supporting Files */ = {
			isa = PBXGroup;
			children = (
				E90770DF1775A4D200139FFC /* PSI-Info.plist */,
				E90770E01775A4D200139FFC /* InfoPlist.strings */,
				E90770E31775A4D200139FFC /* main.m */,
				E90770E51775A4D200139FFC /* PSI-Prefix.pch */,
				E90770E91775A4D200139FFC /* Default.png */,
				E90770EB1775A4D200139FFC /* Default@2x.png */,
				E90770ED1775A4D200139FFC /* Default-568h@2x.png */,
			);
			name = "Supporting Files";
			sourceTree = "<group>";
		};
/* End PBXGroup section */

/* Begin PBXNativeTarget section */
		E90770D31775A4D200139FFC /* PSI */ = {
			isa = PBXNativeTarget;
			buildConfigurationList = E90770FA1775A4D200139FFC /* Build configuration list for PBXNativeTarget "PSI" */;
			buildPhases = (
				E90770D01775A4D200139FFC /* Sources */,
				E90770D11775A4D200139FFC /* Frameworks */,
				E90770D21775A4D200139FFC /* Resources */,
			);
			buildRules = (
			);
			dependencies = (
			);
			name = PSI;
			productName = PSI;
			productReference = E90770D41775A4D200139FFC /* PSI.app */;
			productType = "com.apple.product-type.application";
		};
/* End PBXNativeTarget section */

/* Begin PBXProject section */
		E90770CC1775A4D200139FFC /* Project object */ = {
			isa = PBXProject;
			attributes = {
				LastUpgradeCheck = 0460;
				ORGANIZATIONNAME = ttwj;
			};
			buildConfigurationList = E90770CF1775A4D200139FFC /* Build configuration list for PBXProject "PSI" */;
			compatibilityVersion = "Xcode 3.2";
			developmentRegion = English;
			hasScannedForEncodings = 0;
			knownRegions = (
				en,
			);
			mainGroup = E90770CB1775A4D200139FFC;
			productRefGroup = E90770D51775A4D200139FFC /* Products */;
			projectDirPath = "";
			projectRoot = "";
			targets = (
				E90770D31775A4D200139FFC /* PSI */,
			);
		};
/* End PBXProject section */

/* Begin PBXResourcesBuildPhase section */
		E90770D21775A4D200139FFC /* Resources */ = {
			isa = PBXResourcesBuildPhase;
			buildActionMask = 2147483647;
			files = (
				E90770E21775A4D200139FFC /* InfoPlist.strings in Resources */,
				E90770EA1775A4D200139FFC /* Default.png in Resources */,
				E90770EC1775A4D200139FFC /* Default@2x.png in Resources */,
				E90770EE1775A4D200139FFC /* Default-568h@2x.png in Resources */,
				E90770F41775A4D200139FFC /* ViewController_iPhone.xib in Resources */,
				E90770F71775A4D200139FFC /* ViewController_iPad.xib in Resources */,
			);
			runOnlyForDeploymentPostprocessing = 0;
		};
/* End PBXResourcesBuildPhase section */

/* Begin PBXSourcesBuildPhase section */
		E90770D01775A4D200139FFC /* Sources */ = {
			isa = PBXSourcesBuildPhase;
			buildActionMask = 2147483647;
			files = (
				E90770E41775A4D200139FFC /* main.m in Sources */,
				E90770E81775A4D200139FFC /* AppDelegate.m in Sources */,
				E90770F11775A4D200139FFC /* ViewController.m in Sources */,
			);
			runOnlyForDeploymentPostprocessing = 0;
		};
/* End PBXSourcesBuildPhase section */

/* Begin PBXVariantGroup section */
		E90770E01775A4D200139FFC /* InfoPlist.strings */ = {
			isa = PBXVariantGroup;
			children = (
				E90770E11775A4D200139FFC /* en */,
			);
			name = InfoPlist.strings;
			sourceTree = "<group>";
		};
		E90770F21775A4D200139FFC /* ViewController_iPhone.xib */ = {
			isa = PBXVariantGroup;
			children = (
				E90770F31775A4D200139FFC /* en */,
			);
			name = ViewController_iPhone.xib;
			sourceTree = "<group>";
		};
		E90770F51775A4D200139FFC /* ViewController_iPad.xib */ = {
			isa = PBXVariantGroup;
			children = (
				E90770F61775A4D200139FFC /* en */,
			);
			name = ViewController_iPad.xib;
			sourceTree = "<group>";
		};
/* End PBXVariantGroup section */

/* Begin XCBuildConfiguration section */
		E90770F81775A4D200139FFC /* Debug */ = {
			isa = XCBuildConfiguration;
			buildSettings = {
				ALWAYS_SEARCH_USER_PATHS = NO;
				CLANG_CXX_LANGUAGE_STANDARD = "gnu++0x";
				CLANG_CXX_LIBRARY = "libc++";
				CLANG_ENABLE_OBJC_ARC = YES;
				CLANG_WARN_CONSTANT_CONVERSION = YES;
				CLANG_WARN_EMPTY_BODY = YES;
				CLANG_WARN_ENUM_CONVERSION = YES;
				CLANG_WARN_INT_CONVERSION = YES;
				CLANG_WARN__DUPLICATE_METHOD_MATCH = YES;
				"CODE_SIGN_IDENTITY[sdk=iphoneos*]" = "iPhone Developer";
				COPY_PHASE_STRIP = NO;
				GCC_C_LANGUAGE_STANDARD = gnu99;
				GCC_DYNAMIC_NO_PIC = NO;
				GCC_OPTIMIZATION_LEVEL = 0;
				GCC_PREPROCESSOR_DEFINITIONS = (
					"DEBUG=1",
					"$(inherited)",
				);
				GCC_SYMBOLS_PRIVATE_EXTERN = NO;
				GCC_WARN_ABOUT_RETURN_TYPE = YES;
				GCC_WARN_UNINITIALIZED_AUTOS = YES;
				GCC_WARN_UNUSED_VARIABLE = YES;
				IPHONEOS_DEPLOYMENT_TARGET = 6.1;
				ONLY_ACTIVE_ARCH = YES;
				SDKROOT = iphoneos;
				TARGETED_DEVICE_FAMILY = "1,2";
			};
			name = Debug;
		};
		E90770F91775A4D200139FFC /* Release */ = {
			isa = XCBuildConfiguration;
			buildSettings = {
				ALWAYS_SEARCH_USER_PATHS = NO;
				CLANG_CXX_LANGUAGE_STANDARD = "gnu++0x";
				CLANG_CXX_LIBRARY = "libc++";
				CLANG_ENABLE_OBJC_ARC = YES;
				CLANG_WARN_CONSTANT_CONVERSION = YES;
				CLANG_WARN_EMPTY_BODY = YES;
				CLANG_WARN_ENUM_CONVERSION = YES;
				CLANG_WARN_INT_CONVERSION = YES;
				CLANG_WARN__DUPLICATE_METHOD_MATCH = YES;
				"CODE_SIGN_IDENTITY[sdk=iphoneos*]" = "iPhone Developer";
				COPY_PHASE_STRIP = YES;
				GCC_C_LANGUAGE_STANDARD = gnu99;
				GCC_WARN_ABOUT_RETURN_TYPE = YES;
				GCC_WARN_UNINITIALIZED_AUTOS = YES;
				GCC_WARN_UNUSED_VARIABLE = YES;
				IPHONEOS_DEPLOYMENT_TARGET = 6.1;
				OTHER_CFLAGS = "-DNS_BLOCK_ASSERTIONS=1";
				SDKROOT = iphoneos;
				TARGETED_DEVICE_FAMILY = "1,2";
				VALIDATE_PRODUCT = YES;
			};
			name = Release;
		};
		E90770FB1775A4D200139FFC /* Debug */ = {
			isa = XCBuildConfiguration;
			buildSettings = {
				GCC_PRECOMPILE_PREFIX_HEADER = YES;
				GCC_PREFIX_HEADER = "PSI/PSI-Prefix.pch";
				INFOPLIST_FILE = "PSI/PSI-Info.plist";
				IPHONEOS_DEPLOYMENT_TARGET = 5.0;
				PRODUCT_NAME = "$(TARGET_NAME)";
				WRAPPER_EXTENSION = app;
			};
			name = Debug;
		};
		E90770FC1775A4D200139FFC /* Release */ = {
			isa = XCBuildConfiguration;
			buildSettings = {
				GCC_PRECOMPILE_PREFIX_HEADER = YES;
				GCC_PREFIX_HEADER = "PSI/PSI-Prefix.pch";
				INFOPLIST_FILE = "PSI/PSI-Info.plist";
				IPHONEOS_DEPLOYMENT_TARGET = 5.0;
				PRODUCT_NAME = "$(TARGET_NAME)";
				WRAPPER_EXTENSION = app;
			};
			name = Release;
		};
/* End XCBuildConfiguration section */

/* Begin XCConfigurationList section */
		E90770CF1775A4D200139FFC /* Build configuration list for PBXProject "PSI" */ = {
			isa = XCConfigurationList;
			buildConfigurations = (
				E90770F81775A4D200139FFC /* Debug */,
				E90770F91775A4D200139FFC /* Release */,
			);
			defaultConfigurationIsVisible = 0;
			defaultConfigurationName = Release;
		};
		E90770FA1775A4D200139FFC /* Build configuration list for PBXNativeTarget "PSI" */ = {
			isa = XCConfigurationList;
			buildConfigurations = (
				E90770FB1775A4D200139FFC /* Debug */,
				E90770FC1775A4D200139FFC /* Release */,
			);
			defaultConfigurationIsVisible = 0;
		};
/* End XCConfigurationList section */
	};
	rootObject = E90770CC1775A4D200139FFC /* Project object */;
}
